{
  "version": 2,
  "dependencies": {
    "net10.0": {
      "Azure.ImageOptimizer": {
        "type": "Direct",
        "requested": "[1.1.0.39, )",
        "resolved": "1.1.0.39",
        "contentHash": "WgPd6VZqdlLAz6LhTbsijH8ddHjlHs/bikcuv8VcCvQY4FhmD7MN5/9Uf5YZ4X3qo+btZBJfd86ZGpdWMkhHgA=="
      },
      "HtmlSanitizer": {
        "type": "Direct",
        "requested": "[9.2.1039, )",
        "resolved": "9.2.1039",
        "contentHash": "PKxy1hYknAij8YlHCC2a9GSqzUd4bh3IvY+abJBvOH1FKcZpbyafEHtdFcXQBt12Y7hNPkNEOP6Qa7uKNSs/yA==",
        "dependencies": {
          "AngleSharp": "1.7.2",
          "AngleSharp.Css": "1.0.2"
        }
      },
      "Microsoft.AspNetCore.Mvc.Razor.RuntimeCompilation": {
        "type": "Direct",
        "requested": "[10.0.12, )",
        "resolved": "10.0.12",
        "contentHash": "KPTkhWNPUAoYtUJH/b/iGjiKAwDKPI7eeOhzyyIUlZtUGZ8ireVP254J1JXqHb/1XIGo8XJk9gf1P1KZFxd68w==",
        "dependencies": {
          "Microsoft.AspNetCore.Mvc.Razor.Extensions": "6.0.0",
          "Microsoft.CodeAnalysis.Razor": "6.0.0",
          "Microsoft.Extensions.DependencyModel": "10.0.12"
        }
      },
      "SkiaSharp": {
        "type": "Direct",
        "requested": "[4.151.2, )",
        "resolved": "4.151.2",
        "contentHash": "zqcEy5E17Tqoh2tEvb4uC2G3ulli5YdsljzZuf93pCc/9gQDMx9VrUInxiqkLMGt+MjQi8hNrf1Uxmq25yyU3A==",
        "dependencies": {
          "SkiaSharp.NativeAssets.Win32": "4.151.2",
          "SkiaSharp.NativeAssets.macOS": "4.151.2"
        }
      },
      "SkiaSharp.NativeAssets.Linux": {
        "type": "Direct",
        "requested": "[4.151.2, )",
        "resolved": "4.151.2",
        "contentHash": "TSeXS5j73N9+avlMn72Q8DC+EGi2LW7Gh7INHTkTo4bVpkEQu32D7tTWvP5LhZ+Fto9Ld6lih7UMwm+V3AQyCQ=="
      },
      "WebMarkupMin.AspNetCoreLatest": {
        "type": "Direct",
        "requested": "[2.22.3, )",
        "resolved": "2.22.3",
        "contentHash": "iq77ImZmE1RrFQDVY9q2iYzHStu8hTd5YYKxwNwXft/2vUUXeS2y20p5pXzVkzV+sIjP1aNi1IkNVEgM2j+h1w==",
        "dependencies": {
          "WebMarkupMin.AspNet.Common": "2.21.0"
        }
      },
      "AdvancedStringBuilder": {
        "type": "Transitive",
        "resolved": "0.2.0",
        "contentHash": "+XOjGvq+4pnmAWLLUimuINKsQTHEqxuA6eDkqUmzIBEsQH1Uz55nGmgVHE6QsocOk1BGnu1janyPeH+cOt00Tg=="
      },
      "AngleSharp": {
        "type": "Transitive",
        "resolved": "1.7.2",
        "contentHash": "r1rb5Qo/0KPzmP0nbSiXPDVfh4Ctu0B+y1RyyUq73g4sgAmEW7q10RDyTq2ZsILwtO9O2LAvMrUles7eD4zz1g=="
      },
      "AngleSharp.Css": {
        "type": "Transitive",
        "resolved": "1.0.2",
        "contentHash": "XeBxh0h/73+MWFsGfeMwiK7xbzAK3YeHFdUIrMH1P90amIrDFD/vUDIrPlF3CixqaMH5MRIUvT6Ux+2zvhJ3SA==",
        "dependencies": {
          "AngleSharp": "[1.5.0, 2.0.0)"
        }
      },
      "Microsoft.AspNetCore.Mvc.Razor.Extensions": {
        "type": "Transitive",
        "resolved": "6.0.0",
        "contentHash": "M0h+ChPgydX2xY17agiphnAVa/Qh05RAP8eeuqGGhQKT10claRBlLNO6d2/oSV8zy0RLHzwLnNZm5xuC/gckGA==",
        "dependencies": {
          "Microsoft.AspNetCore.Razor.Language": "6.0.0",
          "Microsoft.CodeAnalysis.Razor": "6.0.0"
        }
      },
      "Microsoft.AspNetCore.Razor.Language": {
        "type": "Transitive",
        "resolved": "6.0.0",
        "contentHash": "yCtBr1GSGzJrrp1NJUb4ltwFYMKHw/tJLnIDvg9g/FnkGIEzmE19tbCQqXARIJv5kdtBgsoVIdGLL+zmjxvM/A=="
      },
      "Microsoft.CodeAnalysis.Analyzers": {
        "type": "Transitive",
        "resolved": "3.3.2",
        "contentHash": "7xt6zTlIEizUgEsYAIgm37EbdkiMmr6fP6J9pDoKEpiGM4pi32BCPGr/IczmSJI9Zzp0a6HOzpr9OvpMP+2veA=="
      },
      "Microsoft.CodeAnalysis.Common": {
        "type": "Transitive",
        "resolved": "4.0.0",
        "contentHash": "d02ybMhUJl1r/dI6SkJPHrTiTzXBYCZeJdOLMckV+jyoMU/GGkjqFX/sRbv1K0QmlpwwKuLTiYVQvfYC+8ox2g==",
        "dependencies": {
          "Microsoft.CodeAnalysis.Analyzers": "3.3.2"
        }
      },
      "Microsoft.CodeAnalysis.CSharp": {
        "type": "Transitive",
        "resolved": "4.0.0",
        "contentHash": "2UVTGtyQGgTCazvnT6t82f+7AV2L+kqJdyb61rT9GQed4yK+tVh5IkaKcsm70VqyZQhBbDqsfZFNHnY65xhrRw==",
        "dependencies": {
          "Microsoft.CodeAnalysis.Common": "[4.0.0]"
        }
      },
      "Microsoft.CodeAnalysis.Razor": {
        "type": "Transitive",
        "resolved": "6.0.0",
        "contentHash": "uqdzuQXxD7XrJCbIbbwpI/LOv0PBJ9VIR0gdvANTHOfK5pjTaCir+XcwvYvBZ5BIzd0KGzyiamzlEWw1cK1q0w==",
        "dependencies": {
          "Microsoft.AspNetCore.Razor.Language": "6.0.0",
          "Microsoft.CodeAnalysis.CSharp": "4.0.0",
          "Microsoft.CodeAnalysis.Common": "4.0.0"
        }
      },
      "Microsoft.Extensions.DependencyModel": {
        "type": "Transitive",
        "resolved": "10.0.12",
        "contentHash": "rDPQVTxh/zMTDF7wHlRqL/jjZbwjAP6315ydBxj51pZW7qkAwGwjoSiMutxYI91xmOE3ZXjAGHbYRqzyJV7Urw=="
      },
      "SkiaSharp.NativeAssets.macOS": {
        "type": "Transitive",
        "resolved": "4.151.2",
        "contentHash": "hDGy20k1DJZuKcdbHjwaOfsPeQYY9ty8wJeG1qzJWidPUzrwwvVtTLpDdTiP1M89UWbEYyWAhZo9qOaoYae6iQ=="
      },
      "SkiaSharp.NativeAssets.Win32": {
        "type": "Transitive",
        "resolved": "4.151.2",
        "contentHash": "sTUHSfWXVYThf/lTG81n8y1gMnr0TiN/2zrApwd0jbGfbsEt9g4+GPsj6UVjjgNLXCI9l5CyzxQ6Zh4fP9ZoVQ=="
      },
      "WebMarkupMin.AspNet.Common": {
        "type": "Transitive",
        "resolved": "2.21.0",
        "contentHash": "q2Y5Cej6UXTdT7zDA5d1XMnr8jZBRTwJxRjGui/faBPXYlvUWy4Qij2fqfpsTxprYc96A+vUoxl0belNNCEOcQ==",
        "dependencies": {
          "WebMarkupMin.Core": "2.21.0"
        }
      },
      "WebMarkupMin.Core": {
        "type": "Transitive",
        "resolved": "2.21.0",
        "contentHash": "/8zGdjDObXPadupzjV0iixXWgFTvh17n78ZFsWmnLy5us3i3ZaE5HD7P2HJFOe9ZiaWVxZOVQ3gDNvzMmG1VPQ==",
        "dependencies": {
          "AdvancedStringBuilder": "0.2.0"
        }
      }
    }
  }
}